
Microsoft Visual Studio Solution File, Format Version 12.00
# Visual Studio Version 17
VisualStudioVersion = 17.7.34302.85
MinimumVisualStudioVersion = 10.0.40219.1
Project("{FAE04EC0-301F-11D3-BF4B-00C04F79EFBC}") = "Example2", "Example2.csproj", "{C94E6C32-3018-4602-A497-56A3C92D9B85}"
EndProject
Global
	GlobalSection(SolutionConfigurationPlatforms) = preSolution
		Debug|Any CPU = Debug|Any CPU
		Release|Any CPU = Release|Any CPU
	EndGlobalSection
	GlobalSection(ProjectConfigurationPlatforms) = postSolution
		{C94E6C32-3018-4602-A497-56A3C92D9B85}.Debug|Any CPU.ActiveCfg = Debug|Any CPU
		{C94E6C32-3018-4602-A497-56A3C92D9B85}.Debug|Any CPU.Build.0 = Debug|Any CPU
		{C94E6C32-3018-4602-A497-56A3C92D9B85}.Release|Any CPU.ActiveCfg = Release|Any CPU
		{C94E6C32-3018-4602-A497-56A3C92D9B85}.Release|Any CPU.Build.0 = Release|Any CPU
	EndGlobalSection
	GlobalSection(SolutionProperties) = preSolution
		HideSolutionNode = FALSE
	EndGlobalSection
	GlobalSection(ExtensibilityGlobals) = postSolution
		SolutionGuid = {5A77E884-BBBE-484B-AEEA-33A371F558C0}
	EndGlobalSection
EndGlobal
